<?xml version="1.0" encoding="utf-8"?>
<Project ToolsVersion="4.0" xmlns="http://schemas.microsoft.com/developer/msbuild/2003">
  <ItemGroup>
    <ClCompile Include="src\ofApp.cpp">
      <Filter>src</Filter>
    </ClCompile>
    <ClCompile Include="src\main.cpp">
      <Filter>src</Filter>
    </ClCompile>
    <ClCompile Include="src\particleManager.cpp" />
  </ItemGroup>
  <ItemGroup>
    <Filter Include="src">
      <UniqueIdentifier>{d8376475-7454-4a24-b08a-aac121d3ad6f}</UniqueIdentifier>
    </Filter>
  </ItemGroup>
  <ItemGroup>
    <ClInclude Include="src\ofApp.h">
      <Filter>src</Filter>
    </ClInclude>
    <ClInclude Include="src\particleManager.h" />
  </ItemGroup>
  <ItemGroup>
    <ResourceCompile Include="icon.rc" />
  </ItemGroup>
  <ItemGroup>
    <None Include="bin\data\shaders\cursor.frag" />
    <None Include="bin\data\shaders\cursor.vert" />
    <None Include="bin\data\shaders\cursor.comp" />
    <None Include="bin\data\shaders\blur.vert" />
    <None Include="bin\data\shaders\blur.frag" />
    <None Include="bin\data\shaders\cursors.geom" />
    <None Include="bin\data\shaders\cursorflow.frag" />
    <None Include="bin\data\shaders\cursorflow.vert" />
  </ItemGroup>
  <ItemGroup>
    <Image Include="bin\data\cursor.png" />
  </ItemGroup>
</Project>